
Microsoft Visual Studio Solution File, Format Version 12.00
# Visual Studio Version 17
VisualStudioVersion = 17.10.35122.118
MinimumVisualStudioVersion = 10.0.40219.1
Project("{FAE04EC0-301F-11D3-BF4B-00C04F79EFBC}") = "EmployeeCRUDApi", "EmployeeCRUDApi.csproj", "{B1673852-8C41-40A4-8C21-A41E40A3C3DF}"
EndProject
Global
	GlobalSection(SolutionConfigurationPlatforms) = preSolution
		Debug|Any CPU = Debug|Any CPU
		Release|Any CPU = Release|Any CPU
	EndGlobalSection
	GlobalSection(ProjectConfigurationPlatforms) = postSolution
		{B1673852-8C41-40A4-8C21-A41E40A3C3DF}.Debug|Any CPU.ActiveCfg = Debug|Any CPU
		{B1673852-8C41-40A4-8C21-A41E40A3C3DF}.Debug|Any CPU.Build.0 = Debug|Any CPU
		{B1673852-8C41-40A4-8C21-A41E40A3C3DF}.Release|Any CPU.ActiveCfg = Release|Any CPU
		{B1673852-8C41-40A4-8C21-A41E40A3C3DF}.Release|Any CPU.Build.0 = Release|Any CPU
	EndGlobalSection
	GlobalSection(SolutionProperties) = preSolution
		HideSolutionNode = FALSE
	EndGlobalSection
	GlobalSection(ExtensibilityGlobals) = postSolution
		SolutionGuid = {5AAB86A9-3DBC-4307-A85A-12D3E10F0A1D}
	EndGlobalSection
EndGlobal
